<?xml version="1.0" encoding="utf-8"?>
<Project ToolsVersion="4.0" xmlns="http://schemas.microsoft.com/developer/msbuild/2003">
  <ItemGroup>
    <ClCompile Include="bird.cpp" />
    <ClCompile Include="bullet.cpp" />
    <ClCompile Include="effect.cpp" />
    <ClCompile Include="game.cpp" />
    <ClCompile Include="gun.cpp" />
    <ClCompile Include="points.cpp" />
    <ClCompile Include="position.cpp" />
    <ClCompile Include="score.cpp" />
    <ClCompile Include="skeet.cpp" />
    <ClCompile Include="time.cpp" />
    <ClCompile Include="uiInteract.cpp" />
    <ClCompile Include="advance.cpp" />
  </ItemGroup>
  <ItemGroup>
    <ClInclude Include="bullet.h" />
    <ClInclude Include="bird.h" />
    <ClInclude Include="effect.h" />
    <ClInclude Include="gun.h" />
    <ClInclude Include="points.h" />
    <ClInclude Include="position.h" />
    <ClInclude Include="score.h" />
    <ClInclude Include="skeet.h" />
    <ClInclude Include="time.h" />
    <ClInclude Include="uiInteract.h" />
    <ClInclude Include="random.h" />
    <ClInclude Include="unitTest.h" />
    <ClInclude Include="test.h" />
    <ClInclude Include="testPosition.h" />
    <ClInclude Include="testVelocity.h" />
    <ClInclude Include="testGun.h" />
    <ClInclude Include="testEffect.h" />
    <ClInclude Include="testBullet.h" />
    <ClInclude Include="testBird.h" />
    <ClInclude Include="testPoints.h" />
    <ClInclude Include="testSkeet.h" />
    <ClInclude Include="advance.h" />
  </ItemGroup>
  <ItemGroup>
    <None Include="scripts\insertBulletDimensions.ps1" />
  </ItemGroup>
</Project>